// !$*UTF8*$!
{
	archiveVersion = 1;
	classes = {
	};
	objectVersion = 50;
	objects = {

/* Begin PBXBuildFile section */
		5415BFED23EDBB1300E54742 /* ViewController.swift in Sources */ = {isa = PBXBuildFile; fileRef = 5415BFEC23EDBB1300E54742 /* ViewController.swift */; };
		5415BFF123EDD03400E54742 /* sxmb.mp3 in Resources */ = {isa = PBXBuildFile; fileRef = 5415BFF023EDD03400E54742 /* sxmb.mp3 */; };
		547B1DED23EC9DF2004D95D0 /* AppDelegate.swift in Sources */ = {isa = PBXBuildFile; fileRef = 547B1DEC23EC9DF2004D95D0 /* AppDelegate.swift */; };
		547B1DEF23EC9DF2004D95D0 /* SceneDelegate.swift in Sources */ = {isa = PBXBuildFile; fileRef = 547B1DEE23EC9DF2004D95D0 /* SceneDelegate.swift */; };
		547B1DF423EC9DF2004D95D0 /* Main.storyboard in Resources */ = {isa = PBXBuildFile; fileRef = 547B1DF223EC9DF2004D95D0 /* Main.storyboard */; };
		547B1DF623EC9DF3004D95D0 /* Assets.xcassets in Resources */ = {isa = PBXBuildFile; fileRef = 547B1DF523EC9DF3004D95D0 /* Assets.xcassets */; };
		547B1DF923EC9DF3004D95D0 /* LaunchScreen.storyboard in Resources */ = {isa = PBXBuildFile; fileRef = 547B1DF723EC9DF3004D95D0 /* LaunchScreen.storyboard */; };
/* End PBXBuildFile section */

/* Begin PBXFileReference section */
		5415BFEC23EDBB1300E54742 /* ViewController.swift */ = {isa = PBXFileReference; lastKnownFileType = sourcecode.swift; path = ViewController.swift; sourceTree = "<group>"; };
		5415BFF023EDD03400E54742 /* sxmb.mp3 */ = {isa = PBXFileReference; lastKnownFileType = audio.mp3; path = sxmb.mp3; sourceTree = "<group>"; };
		547B1DE923EC9DF2004D95D0 /* lixi.app */ = {isa = PBXFileReference; explicitFileType = wrapper.application; includeInIndex = 0; path = lixi.app; sourceTree = BUILT_PRODUCTS_DIR; };
		547B1DEC23EC9DF2004D95D0 /* AppDelegate.swift */ = {isa = PBXFileReference; lastKnownFileType = sourcecode.swift; path = AppDelegate.swift; sourceTree = "<group>"; };
		547B1DEE23EC9DF2004D95D0 /* SceneDelegate.swift */ = {isa = PBXFileReference; lastKnownFileType = sourcecode.swift; path = SceneDelegate.swift; sourceTree = "<group>"; };
		547B1DF323EC9DF2004D95D0 /* Base */ = {isa = PBXFileReference; lastKnownFileType = file.storyboard; name = Base; path = Base.lproj/Main.storyboard; sourceTree = "<group>"; };
		547B1DF523EC9DF3004D95D0 /* Assets.xcassets */ = {isa = PBXFileReference; lastKnownFileType = folder.assetcatalog; path = Assets.xcassets; sourceTree = "<group>"; };
		547B1DF823EC9DF3004D95D0 /* Base */ = {isa = PBXFileReference; lastKnownFileType = file.storyboard; name = Base; path = Base.lproj/LaunchScreen.storyboard; sourceTree = "<group>"; };
		547B1DFA23EC9DF3004D95D0 /* Info.plist */ = {isa = PBXFileReference; lastKnownFileType = text.plist.xml; path = Info.plist; sourceTree = "<group>"; };
/* End PBXFileReference section */

/* Begin PBXFrameworksBuildPhase section */
		547B1DE623EC9DF2004D95D0 /* Frameworks */ = {
			isa = PBXFrameworksBuildPhase;
			buildActionMask = 2147483647;
			files = (
			);
			runOnlyForDeploymentPostprocessing = 0;
		};
/* End PBXFrameworksBuildPhase section */

/* Begin PBXGroup section */
		547B1DE023EC9DF2004D95D0 = {
			isa = PBXGroup;
			children = (
				547B1DEB23EC9DF2004D95D0 /* lixi */,
				547B1DEA23EC9DF2004D95D0 /* Products */,
			);
			sourceTree = "<group>";
		};
		547B1DEA23EC9DF2004D95D0 /* Products */ = {
			isa = PBXGroup;
			children = (
				547B1DE923EC9DF2004D95D0 /* lixi.app */,
			);
			name = Products;
			sourceTree = "<group>";
		};
		547B1DEB23EC9DF2004D95D0 /* lixi */ = {
			isa = PBXGroup;
			children = (
				5415BFF023EDD03400E54742 /* sxmb.mp3 */,
				547B1DEC23EC9DF2004D95D0 /* AppDelegate.swift */,
				547B1DEE23EC9DF2004D95D0 /* SceneDelegate.swift */,
				547B1DF223EC9DF2004D95D0 /* Main.storyboard */,
				5415BFEC23EDBB1300E54742 /* ViewController.swift */,
				547B1DF523EC9DF3004D95D0 /* Assets.xcassets */,
				547B1DF723EC9DF3004D95D0 /* LaunchScreen.storyboard */,
				547B1DFA23EC9DF3004D95D0 /* Info.plist */,
			);
			path = lixi;
			sourceTree = "<group>";
		};
/* End PBXGroup section */

/* Begin PBXNativeTarget section */
		547B1DE823EC9DF2004D95D0 /* lixi */ = {
			isa = PBXNativeTarget;
			buildConfigurationList = 547B1DFD23EC9DF3004D95D0 /* Build configuration list for PBXNativeTarget "lixi" */;
			buildPhases = (
				547B1DE523EC9DF2004D95D0 /* Sources */,
				547B1DE623EC9DF2004D95D0 /* Frameworks */,
				547B1DE723EC9DF2004D95D0 /* Resources */,
			);
			buildRules = (
			);
			dependencies = (
			);
			name = lixi;
			productName = lixi;
			productReference = 547B1DE923EC9DF2004D95D0 /* lixi.app */;
			productType = "com.apple.product-type.application";
		};
/* End PBXNativeTarget section */

/* Begin PBXProject section */
		547B1DE123EC9DF2004D95D0 /* Project object */ = {
			isa = PBXProject;
			attributes = {
				LastSwiftUpdateCheck = 1130;
				LastUpgradeCheck = 1130;
				ORGANIZATIONNAME = Toan;
				TargetAttributes = {
					547B1DE823EC9DF2004D95D0 = {
						CreatedOnToolsVersion = 11.3;
					};
				};
			};
			buildConfigurationList = 547B1DE423EC9DF2004D95D0 /* Build configuration list for PBXProject "lixi" */;
			compatibilityVersion = "Xcode 9.3";
			developmentRegion = en;
			hasScannedForEncodings = 0;
			knownRegions = (
				en,
				Base,
			);
			mainGroup = 547B1DE023EC9DF2004D95D0;
			productRefGroup = 547B1DEA23EC9DF2004D95D0 /* Products */;
			projectDirPath = "";
			projectRoot = "";
			targets = (
				547B1DE823EC9DF2004D95D0 /* lixi */,
			);
		};
/* End PBXProject section */

/* Begin PBXResourcesBuildPhase section */
		547B1DE723EC9DF2004D95D0 /* Resources */ = {
			isa = PBXResourcesBuildPhase;
			buildActionMask = 2147483647;
			files = (
				5415BFF123EDD03400E54742 /* sxmb.mp3 in Resources */,
				547B1DF923EC9DF3004D95D0 /* LaunchScreen.storyboard in Resources */,
				547B1DF623EC9DF3004D95D0 /* Assets.xcassets in Resources */,
				547B1DF423EC9DF2004D95D0 /* Main.storyboard in Resources */,
			);
			runOnlyForDeploymentPostprocessing = 0;
		};
/* End PBXResourcesBuildPhase section */

/* Begin PBXSourcesBuildPhase section */
		547B1DE523EC9DF2004D95D0 /* Sources */ = {
			isa = PBXSourcesBuildPhase;
			buildActionMask = 2147483647;
			files = (
				5415BFED23EDBB1300E54742 /* ViewController.swift in Sources */,
				547B1DED23EC9DF2004D95D0 /* AppDelegate.swift in Sources */,
				547B1DEF23EC9DF2004D95D0 /* SceneDelegate.swift in Sources */,
			);
			runOnlyForDeploymentPostprocessing = 0;
		};
/* End PBXSourcesBuildPhase section */

/* Begin PBXVariantGroup section */
		547B1DF223EC9DF2004D95D0 /* Main.storyboard */ = {
			isa = PBXVariantGroup;
			children = (
				547B1DF323EC9DF2004D95D0 /* Base */,
			);
			name = Main.storyboard;
			sourceTree = "<group>";
		};
		547B1DF723EC9DF3004D95D0 /* LaunchScreen.storyboard */ = {
			isa = PBXVariantGroup;
			children = (
				547B1DF823EC9DF3004D95D0 /* Base */,
			);
			name = LaunchScreen.storyboard;
			sourceTree = "<group>";
		};
/* End PBXVariantGroup section */

/* Begin XCBuildConfiguration section */
		547B1DFB23EC9DF3004D95D0 /* Debug */ = {
			isa = XCBuildConfiguration;
			buildSettings = {
				ALWAYS_SEARCH_USER_PATHS = NO;
				CLANG_ANALYZER_NONNULL = YES;
				CLANG_ANALYZER_NUMBER_OBJECT_CONVERSION = YES_AGGRESSIVE;
				CLANG_CXX_LANGUAGE_STANDARD = "gnu++14";
				CLANG_CXX_LIBRARY = "libc++";
				CLANG_ENABLE_MODULES = YES;
				CLANG_ENABLE_OBJC_ARC = YES;
				CLANG_ENABLE_OBJC_WEAK = YES;
				CLANG_WARN_BLOCK_CAPTURE_AUTORELEASING = YES;
				CLANG_WARN_BOOL_CONVERSION = YES;
				CLANG_WARN_COMMA = YES;
				CLANG_WARN_CONSTANT_CONVERSION = YES;
				CLANG_WARN_DEPRECATED_OBJC_IMPLEMENTATIONS = YES;
				CLANG_WARN_DIRECT_OBJC_ISA_USAGE = YES_ERROR;
				CLANG_WARN_DOCUMENTATION_COMMENTS = YES;
				CLANG_WARN_EMPTY_BODY = YES;
				CLANG_WARN_ENUM_CONVERSION = YES;
				CLANG_WARN_INFINITE_RECURSION = YES;
				CLANG_WARN_INT_CONVERSION = YES;
				CLANG_WARN_NON_LITERAL_NULL_CONVERSION = YES;
				CLANG_WARN_OBJC_IMPLICIT_RETAIN_SELF = YES;
				CLANG_WARN_OBJC_LITERAL_CONVERSION = YES;
				CLANG_WARN_OBJC_ROOT_CLASS = YES_ERROR;
				CLANG_WARN_RANGE_LOOP_ANALYSIS = YES;
				CLANG_WARN_STRICT_PROTOTYPES = YES;
				CLANG_WARN_SUSPICIOUS_MOVE = YES;
				CLANG_WARN_UNGUARDED_AVAILABILITY = YES_AGGRESSIVE;
				CLANG_WARN_UNREACHABLE_CODE = YES;
				CLANG_WARN__DUPLICATE_METHOD_MATCH = YES;
				COPY_PHASE_STRIP = NO;
				DEBUG_INFORMATION_FORMAT = dwarf;
				ENABLE_STRICT_OBJC_MSGSEND = YES;
				ENABLE_TESTABILITY = YES;
				GCC_C_LANGUAGE_STANDARD = gnu11;
				GCC_DYNAMIC_NO_PIC = NO;
				GCC_NO_COMMON_BLOCKS = YES;
				GCC_OPTIMIZATION_LEVEL = 0;
				GCC_PREPROCESSOR_DEFINITIONS = (
					"DEBUG=1",
					"$(inherited)",
				);
				GCC_WARN_64_TO_32_BIT_CONVERSION = YES;
				GCC_WARN_ABOUT_RETURN_TYPE = YES_ERROR;
				GCC_WARN_UNDECLARED_SELECTOR = YES;
				GCC_WARN_UNINITIALIZED_AUTOS = YES_AGGRESSIVE;
				GCC_WARN_UNUSED_FUNCTION = YES;
				GCC_WARN_UNUSED_VARIABLE = YES;
				IPHONEOS_DEPLOYMENT_TARGET = 13.2;
				MTL_ENABLE_DEBUG_INFO = INCLUDE_SOURCE;
				MTL_FAST_MATH = YES;
				ONLY_ACTIVE_ARCH = YES;
				SDKROOT = iphoneos;
				SWIFT_ACTIVE_COMPILATION_CONDITIONS = DEBUG;
				SWIFT_OPTIMIZATION_LEVEL = "-Onone";
			};
			name = Debug;
		};
		547B1DFC23EC9DF3004D95D0 /* Release */ = {
			isa = XCBuildConfiguration;
			buildSettings = {
				ALWAYS_SEARCH_USER_PATHS = NO;
				CLANG_ANALYZER_NONNULL = YES;
				CLANG_ANALYZER_NUMBER_OBJECT_CONVERSION = YES_AGGRESSIVE;
				CLANG_CXX_LANGUAGE_STANDARD = "gnu++14";
				CLANG_CXX_LIBRARY = "libc++";
				CLANG_ENABLE_MODULES = YES;
				CLANG_ENABLE_OBJC_ARC = YES;
				CLANG_ENABLE_OBJC_WEAK = YES;
				CLANG_WARN_BLOCK_CAPTURE_AUTORELEASING = YES;
				CLANG_WARN_BOOL_CONVERSION = YES;
				CLANG_WARN_COMMA = YES;
				CLANG_WARN_CONSTANT_CONVERSION = YES;
				CLANG_WARN_DEPRECATED_OBJC_IMPLEMENTATIONS = YES;
				CLANG_WARN_DIRECT_OBJC_ISA_USAGE = YES_ERROR;
				CLANG_WARN_DOCUMENTATION_COMMENTS = YES;
				CLANG_WARN_EMPTY_BODY = YES;
				CLANG_WARN_ENUM_CONVERSION = YES;
				CLANG_WARN_INFINITE_RECURSION = YES;
				CLANG_WARN_INT_CONVERSION = YES;
				CLANG_WARN_NON_LITERAL_NULL_CONVERSION = YES;
				CLANG_WARN_OBJC_IMPLICIT_RETAIN_SELF = YES;
				CLANG_WARN_OBJC_LITERAL_CONVERSION = YES;
				CLANG_WARN_OBJC_ROOT_CLASS = YES_ERROR;
				CLANG_WARN_RANGE_LOOP_ANALYSIS = YES;
				CLANG_WARN_STRICT_PROTOTYPES = YES;
				CLANG_WARN_SUSPICIOUS_MOVE = YES;
				CLANG_WARN_UNGUARDED_AVAILABILITY = YES_AGGRESSIVE;
				CLANG_WARN_UNREACHABLE_CODE = YES;
				CLANG_WARN__DUPLICATE_METHOD_MATCH = YES;
				COPY_PHASE_STRIP = NO;
				DEBUG_INFORMATION_FORMAT = "dwarf-with-dsym";
				ENABLE_NS_ASSERTIONS = NO;
				ENABLE_STRICT_OBJC_MSGSEND = YES;
				GCC_C_LANGUAGE_STANDARD = gnu11;
				GCC_NO_COMMON_BLOCKS = YES;
				GCC_WARN_64_TO_32_BIT_CONVERSION = YES;
				GCC_WARN_ABOUT_RETURN_TYPE = YES_ERROR;
				GCC_WARN_UNDECLARED_SELECTOR = YES;
				GCC_WARN_UNINITIALIZED_AUTOS = YES_AGGRESSIVE;
				GCC_WARN_UNUSED_FUNCTION = YES;
				GCC_WARN_UNUSED_VARIABLE = YES;
				IPHONEOS_DEPLOYMENT_TARGET = 13.2;
				MTL_ENABLE_DEBUG_INFO = NO;
				MTL_FAST_MATH = YES;
				SDKROOT = iphoneos;
				SWIFT_COMPILATION_MODE = wholemodule;
				SWIFT_OPTIMIZATION_LEVEL = "-O";
				VALIDATE_PRODUCT = YES;
			};
			name = Release;
		};
		547B1DFE23EC9DF3004D95D0 /* Debug */ = {
			isa = XCBuildConfiguration;
			buildSettings = {
				ASSETCATALOG_COMPILER_APPICON_NAME = AppIcon;
				CODE_SIGN_STYLE = Automatic;
				INFOPLIST_FILE = lixi/Info.plist;
				LD_RUNPATH_SEARCH_PATHS = (
					"$(inherited)",
					"@executable_path/Frameworks",
				);
				PRODUCT_BUNDLE_IDENTIFIER = com.toannguyen.lixi;
				PRODUCT_NAME = "$(TARGET_NAME)";
				SWIFT_VERSION = 5.0;
				TARGETED_DEVICE_FAMILY = "1,2";
			};
			name = Debug;
		};
		547B1DFF23EC9DF3004D95D0 /* Release */ = {
			isa = XCBuildConfiguration;
			buildSettings = {
				ASSETCATALOG_COMPILER_APPICON_NAME = AppIcon;
				CODE_SIGN_STYLE = Automatic;
				INFOPLIST_FILE = lixi/Info.plist;
				LD_RUNPATH_SEARCH_PATHS = (
					"$(inherited)",
					"@executable_path/Frameworks",
				);
				PRODUCT_BUNDLE_IDENTIFIER = com.toannguyen.lixi;
				PRODUCT_NAME = "$(TARGET_NAME)";
				SWIFT_VERSION = 5.0;
				TARGETED_DEVICE_FAMILY = "1,2";
			};
			name = Release;
		};
/* End XCBuildConfiguration section */

/* Begin XCConfigurationList section */
		547B1DE423EC9DF2004D95D0 /* Build configuration list for PBXProject "lixi" */ = {
			isa = XCConfigurationList;
			buildConfigurations = (
				547B1DFB23EC9DF3004D95D0 /* Debug */,
				547B1DFC23EC9DF3004D95D0 /* Release */,
			);
			defaultConfigurationIsVisible = 0;
			defaultConfigurationName = Release;
		};
		547B1DFD23EC9DF3004D95D0 /* Build configuration list for PBXNativeTarget "lixi" */ = {
			isa = XCConfigurationList;
			buildConfigurations = (
				547B1DFE23EC9DF3004D95D0 /* Debug */,
				547B1DFF23EC9DF3004D95D0 /* Release */,
			);
			defaultConfigurationIsVisible = 0;
			defaultConfigurationName = Release;
		};
/* End XCConfigurationList section */
	};
	rootObject = 547B1DE123EC9DF2004D95D0 /* Project object */;
}
